{
  "name": "Frontend",
  "version": "0.0.0",
  "lockfileVersion": 1,
  "requires": true,
  "dependencies": {
    "@types/history": {
      "version": "4.6.0",
      "resolved": "https://registry.npmjs.org/@types/history/-/history-4.6.0.tgz",
      "integrity": "sha1-CT1n7XgNiJyVQ/bcok6+4La5/EU=",
      "dev": true
    },
    "@types/react": {
      "version": "15.0.35",
      "resolved": "https://registry.npmjs.org/@types/react/-/react-15.0.35.tgz",
      "integrity": "sha1-RnKSPNUC0D4UgNA4FuvFpxn7hto=",
      "dev": true
    },
    "@types/react-router": {
      "version": "4.0.12",
      "resolved": "https://registry.npmjs.org/@types/react-router/-/react-router-4.0.12.tgz",
      "integrity": "sha1-fM80M3QTk+Iu3hSbXNczq/5ZT/w=",
      "dev": true,
      "requires": {
        "@types/history": "4.6.0",
        "@types/react": "15.0.35"
      }
    },
    "encoding": {
      "version": "0.1.12",
      "resolved": "https://registry.npmjs.org/encoding/-/encoding-0.1.12.tgz",
      "integrity": "sha1-U4tm8+5izRq1HsMjgp0flIDHS+s=",
      "dev": true,
      "requires": {
        "iconv-lite": "0.4.18"
      }
    },
    "iconv-lite": {
      "version": "0.4.18",
      "resolved": "https://registry.npmjs.org/iconv-lite/-/iconv-lite-0.4.18.tgz",
      "integrity": "sha1-I9hlaxaq5nQqwpcy6o8DNqR4nPI=",
      "dev": true
    },
    "is-stream": {
      "version": "1.1.0",
      "resolved": "https://registry.npmjs.org/is-stream/-/is-stream-1.1.0.tgz",
      "integrity": "sha1-EtSj3U5o4Lec6428hBc66A2RykQ=",
      "dev": true
    },
    "isomorphic-fetch": {
      "version": "2.2.1",
      "resolved": "https://registry.npmjs.org/isomorphic-fetch/-/isomorphic-fetch-2.2.1.tgz",
      "integrity": "sha1-YRrhrPFPXoH3KVB0coGf6XM1WKk=",
      "dev": true,
      "requires": {
        "node-fetch": "1.7.1",
        "whatwg-fetch": "2.0.3"
      }
    },
    "json-loader": {
      "version": "0.5.4",
      "resolved": "https://registry.npmjs.org/json-loader/-/json-loader-0.5.4.tgz",
      "integrity": "sha1-i6oTZaYy9Yo8RtIBdfxgAsluN94=",
      "dev": true
    },
    "microfrontends.details": {
      "version": "git+https://github.com/WilliamBZA/Microfrontends.moviedetails.git#01ee4db80f4d49e17028bc64c67ccc8918ec187b"
    },
    "microfrontends.pricing": {
      "version": "file:../../pricing"
    },
    "microfrontends.ratings": {
      "version": "git+https://github.com/WilliamBZA/microfrontends.ratings.git#36e1adde3d4ce4e80180d6a23e8d03522cb48a48"
    },
    "microfrontends.search": {
      "version": "git+https://github.com/WilliamBZA/Microfrontends.Search.git#3ddb82cb5516e4c967ec59ecaf38adba6a10a70a"
    },
    "microfrontends.trailers": {
      "version": "git+https://github.com/WilliamBZA/Microfrontends.trailers.git#f923adf73a6ed41a01b164f42b0a046b96786063"
    },
    "node-fetch": {
      "version": "1.7.1",
      "resolved": "https://registry.npmjs.org/node-fetch/-/node-fetch-1.7.1.tgz",
      "integrity": "sha1-iZyz0KPJL5UsR/G4dvTIrqvUANU=",
      "dev": true,
      "requires": {
        "encoding": "0.1.12",
        "is-stream": "1.1.0"
      }
    },
    "whatwg-fetch": {
      "version": "2.0.3",
      "resolved": "https://registry.npmjs.org/whatwg-fetch/-/whatwg-fetch-2.0.3.tgz",
      "integrity": "sha1-nITsLc9oGH/wC8ZOEnS0QhduHIQ=",
      "dev": true
    }
  }
}
