
Microsoft Visual Studio Solution File, Format Version 12.00
# Visual Studio 15
VisualStudioVersion = 15.0.27130.2027
MinimumVisualStudioVersion = 10.0.40219.1
Project("{FAE04EC0-301F-11D3-BF4B-00C04F79EFBC}") = "Frontend", "Frontend\Frontend.csproj", "{0F2639BC-FAFD-4B54-BC52-5E093BB86ED9}"
EndProject
Project("{FAE04EC0-301F-11D3-BF4B-00C04F79EFBC}") = "ITOps.Composition", "ITOps.Composition\ITOps.Composition.csproj", "{B57B3C67-6CB7-4212-B857-8713FBEC517B}"
EndProject
Global
	GlobalSection(SolutionConfigurationPlatforms) = preSolution
		Debug|Any CPU = Debug|Any CPU
		Release|Any CPU = Release|Any CPU
	EndGlobalSection
	GlobalSection(ProjectConfigurationPlatforms) = postSolution
		{0F2639BC-FAFD-4B54-BC52-5E093BB86ED9}.Debug|Any CPU.ActiveCfg = Debug|Any CPU
		{0F2639BC-FAFD-4B54-BC52-5E093BB86ED9}.Debug|Any CPU.Build.0 = Debug|Any CPU
		{0F2639BC-FAFD-4B54-BC52-5E093BB86ED9}.Release|Any CPU.ActiveCfg = Release|Any CPU
		{0F2639BC-FAFD-4B54-BC52-5E093BB86ED9}.Release|Any CPU.Build.0 = Release|Any CPU
		{B57B3C67-6CB7-4212-B857-8713FBEC517B}.Debug|Any CPU.ActiveCfg = Debug|Any CPU
		{B57B3C67-6CB7-4212-B857-8713FBEC517B}.Debug|Any CPU.Build.0 = Debug|Any CPU
		{B57B3C67-6CB7-4212-B857-8713FBEC517B}.Release|Any CPU.ActiveCfg = Release|Any CPU
		{B57B3C67-6CB7-4212-B857-8713FBEC517B}.Release|Any CPU.Build.0 = Release|Any CPU
	EndGlobalSection
	GlobalSection(SolutionProperties) = preSolution
		HideSolutionNode = FALSE
	EndGlobalSection
	GlobalSection(ExtensibilityGlobals) = postSolution
		SolutionGuid = {E10F1DAD-2195-4B54-9E6A-CFA51150B0C0}
	EndGlobalSection
EndGlobal
